
Microsoft Visual Studio Solution File, Format Version 12.00
# Visual Studio Version 17
VisualStudioVersion = 17.10.35013.160
MinimumVisualStudioVersion = 10.0.40219.1
Project("{FAE04EC0-301F-11D3-BF4B-00C04F79EFBC}") = "CodeSoup.Api", "CodeSoup.Api\CodeSoup.Api.csproj", "{BB1D5EC8-B88F-408D-B35B-F52012B65097}"
EndProject
Project("{FAE04EC0-301F-11D3-BF4B-00C04F79EFBC}") = "CodeSoup.Application", "CodeSoup.Application\CodeSoup.Application.csproj", "{B273E6A0-9104-45B8-B91C-EF4D129635D2}"
EndProject
Project("{FAE04EC0-301F-11D3-BF4B-00C04F79EFBC}") = "CodeSoup.Domain", "CodeSoup.Domain\CodeSoup.Domain.csproj", "{41ADA1BA-0C00-4D9E-B8D3-D1B57ADD97D3}"
EndProject
Project("{FAE04EC0-301F-11D3-BF4B-00C04F79EFBC}") = "CodeSoup.Infra", "CodeSoup.Infra\CodeSoup.Infra.csproj", "{D128C169-4570-4EA7-91D9-79655FB0EC82}"
EndProject
Global
	GlobalSection(SolutionConfigurationPlatforms) = preSolution
		Debug|Any CPU = Debug|Any CPU
		Release|Any CPU = Release|Any CPU
	EndGlobalSection
	GlobalSection(ProjectConfigurationPlatforms) = postSolution
		{BB1D5EC8-B88F-408D-B35B-F52012B65097}.Debug|Any CPU.ActiveCfg = Debug|Any CPU
		{BB1D5EC8-B88F-408D-B35B-F52012B65097}.Debug|Any CPU.Build.0 = Debug|Any CPU
		{BB1D5EC8-B88F-408D-B35B-F52012B65097}.Release|Any CPU.ActiveCfg = Release|Any CPU
		{BB1D5EC8-B88F-408D-B35B-F52012B65097}.Release|Any CPU.Build.0 = Release|Any CPU
		{B273E6A0-9104-45B8-B91C-EF4D129635D2}.Debug|Any CPU.ActiveCfg = Debug|Any CPU
		{B273E6A0-9104-45B8-B91C-EF4D129635D2}.Debug|Any CPU.Build.0 = Debug|Any CPU
		{B273E6A0-9104-45B8-B91C-EF4D129635D2}.Release|Any CPU.ActiveCfg = Release|Any CPU
		{B273E6A0-9104-45B8-B91C-EF4D129635D2}.Release|Any CPU.Build.0 = Release|Any CPU
		{41ADA1BA-0C00-4D9E-B8D3-D1B57ADD97D3}.Debug|Any CPU.ActiveCfg = Debug|Any CPU
		{41ADA1BA-0C00-4D9E-B8D3-D1B57ADD97D3}.Debug|Any CPU.Build.0 = Debug|Any CPU
		{41ADA1BA-0C00-4D9E-B8D3-D1B57ADD97D3}.Release|Any CPU.ActiveCfg = Release|Any CPU
		{41ADA1BA-0C00-4D9E-B8D3-D1B57ADD97D3}.Release|Any CPU.Build.0 = Release|Any CPU
		{D128C169-4570-4EA7-91D9-79655FB0EC82}.Debug|Any CPU.ActiveCfg = Debug|Any CPU
		{D128C169-4570-4EA7-91D9-79655FB0EC82}.Debug|Any CPU.Build.0 = Debug|Any CPU
		{D128C169-4570-4EA7-91D9-79655FB0EC82}.Release|Any CPU.ActiveCfg = Release|Any CPU
		{D128C169-4570-4EA7-91D9-79655FB0EC82}.Release|Any CPU.Build.0 = Release|Any CPU
	EndGlobalSection
	GlobalSection(SolutionProperties) = preSolution
		HideSolutionNode = FALSE
	EndGlobalSection
	GlobalSection(ExtensibilityGlobals) = postSolution
		SolutionGuid = {AC07E897-0ED1-4ABD-AA8A-E6C27369B871}
	EndGlobalSection
EndGlobal
